
Microsoft Visual Studio Solution File, Format Version 12.00
# Visual Studio Version 16
VisualStudioVersion = 16.0.29215.179
MinimumVisualStudioVersion = 10.0.40219.1
Project("{8BC9CEB8-8B4A-11D0-8D11-00A0C91BC942}") = "Ecosystem", "Ecosystem\Ecosystem.vcxproj", "{1BE4CA5F-ADC2-4487-9AE3-C39774D261A0}"
EndProject
Global
	GlobalSection(SolutionConfigurationPlatforms) = preSolution
		Debug|x64 = Debug|x64
		Debug|x86 = Debug|x86
		Release|x64 = Release|x64
		Release|x86 = Release|x86
	EndGlobalSection
	GlobalSection(ProjectConfigurationPlatforms) = postSolution
		{1BE4CA5F-ADC2-4487-9AE3-C39774D261A0}.Debug|x64.ActiveCfg = Debug|x64
		{1BE4CA5F-ADC2-4487-9AE3-C39774D261A0}.Debug|x64.Build.0 = Debug|x64
		{1BE4CA5F-ADC2-4487-9AE3-C39774D261A0}.Debug|x86.ActiveCfg = Debug|Win32
		{1BE4CA5F-ADC2-4487-9AE3-C39774D261A0}.Debug|x86.Build.0 = Debug|Win32
		{1BE4CA5F-ADC2-4487-9AE3-C39774D261A0}.Release|x64.ActiveCfg = Release|x64
		{1BE4CA5F-ADC2-4487-9AE3-C39774D261A0}.Release|x64.Build.0 = Release|x64
		{1BE4CA5F-ADC2-4487-9AE3-C39774D261A0}.Release|x86.ActiveCfg = Release|Win32
		{1BE4CA5F-ADC2-4487-9AE3-C39774D261A0}.Release|x86.Build.0 = Release|Win32
	EndGlobalSection
	GlobalSection(SolutionProperties) = preSolution
		HideSolutionNode = FALSE
	EndGlobalSection
	GlobalSection(ExtensibilityGlobals) = postSolution
		SolutionGuid = {7BB1BB2E-7EFC-4EF5-80B8-7C10592879BD}
	EndGlobalSection
EndGlobal
